
Microsoft Visual Studio Solution File, Format Version 12.00
# Visual Studio Version 16
VisualStudioVersion = 16.0.31624.102
MinimumVisualStudioVersion = 10.0.40219.1
Project("{FAE04EC0-301F-11D3-BF4B-00C04F79EFBC}") = "TTH1721050304", "TTH1721050304\TTH1721050304.csproj", "{29F2BEF5-79DF-4682-88D9-EB52F7778663}"
EndProject
Global
	GlobalSection(SolutionConfigurationPlatforms) = preSolution
		Debug|Any CPU = Debug|Any CPU
		Release|Any CPU = Release|Any CPU
	EndGlobalSection
	GlobalSection(ProjectConfigurationPlatforms) = postSolution
		{29F2BEF5-79DF-4682-88D9-EB52F7778663}.Debug|Any CPU.ActiveCfg = Debug|Any CPU
		{29F2BEF5-79DF-4682-88D9-EB52F7778663}.Debug|Any CPU.Build.0 = Debug|Any CPU
		{29F2BEF5-79DF-4682-88D9-EB52F7778663}.Release|Any CPU.ActiveCfg = Release|Any CPU
		{29F2BEF5-79DF-4682-88D9-EB52F7778663}.Release|Any CPU.Build.0 = Release|Any CPU
	EndGlobalSection
	GlobalSection(SolutionProperties) = preSolution
		HideSolutionNode = FALSE
	EndGlobalSection
	GlobalSection(ExtensibilityGlobals) = postSolution
		SolutionGuid = {DE7C362A-DA1D-400A-B352-DE179C4319CA}
	EndGlobalSection
EndGlobal
